
Microsoft Visual Studio Solution File, Format Version 12.00
# Visual Studio Version 17
VisualStudioVersion = 17.13.35806.99 d17.13
MinimumVisualStudioVersion = 10.0.40219.1
Project("{FAE04EC0-301F-11D3-BF4B-00C04F79EFBC}") = "LinqQueryExamples", "LinqQueryExamples\LinqQueryExamples.csproj", "{34320058-9CCF-4E17-A4B3-87B83E9FA225}"
EndProject
Global
	GlobalSection(SolutionConfigurationPlatforms) = preSolution
		Debug|Any CPU = Debug|Any CPU
		Release|Any CPU = Release|Any CPU
	EndGlobalSection
	GlobalSection(ProjectConfigurationPlatforms) = postSolution
		{34320058-9CCF-4E17-A4B3-87B83E9FA225}.Debug|Any CPU.ActiveCfg = Debug|Any CPU
		{34320058-9CCF-4E17-A4B3-87B83E9FA225}.Debug|Any CPU.Build.0 = Debug|Any CPU
		{34320058-9CCF-4E17-A4B3-87B83E9FA225}.Release|Any CPU.ActiveCfg = Release|Any CPU
		{34320058-9CCF-4E17-A4B3-87B83E9FA225}.Release|Any CPU.Build.0 = Release|Any CPU
	EndGlobalSection
	GlobalSection(SolutionProperties) = preSolution
		HideSolutionNode = FALSE
	EndGlobalSection
	GlobalSection(ExtensibilityGlobals) = postSolution
		SolutionGuid = {D69A2FE1-5189-4ACC-A24E-D1FF850D0FB5}
	EndGlobalSection
EndGlobal
